{
  "name": "opencode-openrouter-auto-latest",
  "version": "1.1.0",
  "lockfileVersion": 3,
  "requires": true,
  "packages": {
    "": {
      "name": "opencode-openrouter-auto-latest",
      "version": "1.1.0",
      "license": "MIT",
      "engines": {
        "node": ">=18"
      },
      "peerDependencies": {
        "@opencode-ai/plugin": ">=1.18.29",
        "@opencode/plugin": ">=2.0.0"
      },
      "peerDependenciesMeta": {
        "@opencode-ai/plugin": {
          "optional": true
        },
        "@opencode/plugin": {
          "optional": true
        }
      }
    }
  }
}
